<?xml version="1.0" encoding="utf-8"?>
<Project ToolsVersion="4.0" xmlns="http://schemas.microsoft.com/developer/msbuild/2003">
  <ItemGroup>
<<<<<<< HEAD:00_Sandbox/00_Sandbox_VS15.vcxproj.filters
    <ClCompile Include="AppClass.cpp" />
    <ClCompile Include="AppClassControls.cpp" />
    <ClCompile Include="GameObject.cpp" />
    <ClCompile Include="InputManager.cpp" />
    <ClCompile Include="Main.cpp" />
    <ClCompile Include="TestSubject.cpp" />
    <ClCompile Include="Player.cpp" />
    <ClCompile Include="Trap.cpp" />
  </ItemGroup>
  <ItemGroup>
    <ClInclude Include="..\res\Resource.h" />
    <ClInclude Include="AppClass.h" />
    <ClInclude Include="GameObject.h" />
    <ClInclude Include="InputManager.h" />
    <ClInclude Include="TestSubject.h" />
    <ClInclude Include="Player.h" />
    <ClInclude Include="Trap.h" />
  </ItemGroup>
  <ItemGroup>
    <ResourceCompile Include="..\res\BTO.rc" />
=======
    <ClCompile Include="AppClass.cpp">
      <Filter>Source Files</Filter>
    </ClCompile>
    <ClCompile Include="AppClassControls.cpp">
      <Filter>Source Files</Filter>
    </ClCompile>
    <ClCompile Include="BoundingObjectManager.cpp">
      <Filter>Source Files</Filter>
    </ClCompile>
    <ClCompile Include="GameObject.cpp">
      <Filter>Source Files</Filter>
    </ClCompile>
    <ClCompile Include="InputManager.cpp">
      <Filter>Source Files</Filter>
    </ClCompile>
    <ClCompile Include="Main.cpp">
      <Filter>Source Files</Filter>
    </ClCompile>
    <ClCompile Include="MyBoundingObjectClass.cpp">
      <Filter>Source Files</Filter>
    </ClCompile>
    <ClCompile Include="PlayerObject.cpp" />
  </ItemGroup>
  <ItemGroup>
    <ClInclude Include="AppClass.h">
      <Filter>Header Files</Filter>
    </ClInclude>
    <ClInclude Include="GameObject.h">
      <Filter>Header Files</Filter>
    </ClInclude>
    <ClInclude Include="InputManager.h">
      <Filter>Header Files</Filter>
    </ClInclude>
    <ClInclude Include="..\res\Resource.h">
      <Filter>Header Files</Filter>
    </ClInclude>
    <ClInclude Include="BoundingObjectManager.h">
      <Filter>Header Files</Filter>
    </ClInclude>
    <ClInclude Include="MyBoundingObjectClass.h">
      <Filter>Header Files</Filter>
    </ClInclude>
    <ClInclude Include="PlayerObject.h" />
  </ItemGroup>
  <ItemGroup>
    <Filter Include="Header Files">
      <UniqueIdentifier>{033ee43c-a293-4a62-8262-2b18501fb0fd}</UniqueIdentifier>
    </Filter>
    <Filter Include="Source Files">
      <UniqueIdentifier>{7237c56f-8e62-4252-bb74-99015463ccd5}</UniqueIdentifier>
    </Filter>
    <Filter Include="Resource Files">
      <UniqueIdentifier>{5fd60f58-8eff-48ee-bee8-9002de5b553c}</UniqueIdentifier>
    </Filter>
  </ItemGroup>
  <ItemGroup>
    <ResourceCompile Include="..\res\BTO.rc">
      <Filter>Resource Files</Filter>
    </ResourceCompile>
>>>>>>> cd9f5f8d7e2eee09319350399cf95b4c5462e8cd:Lab_Rat/Lab_Rat_VS15.vcxproj.filters
  </ItemGroup>
</Project>